Microsoft Visual Studio Solution File, Format Version 12.00
# Visual Studio 2012
Project("{8BC9CEB8-8B4A-11D0-8D11-00A0C91BC942}") = "ALL_BUILD", "ALL_BUILD.vcxproj", "{5325DB91-4642-4F7B-8D59-986108DCD4D7}"
	ProjectSection(ProjectDependencies) = postProject
		{3ECDE0F0-3E3F-4BDA-9980-1B30EF6F521E} = {3ECDE0F0-3E3F-4BDA-9980-1B30EF6F521E}
		{FCCD88A1-A107-4599-AAFB-78CACC901180} = {FCCD88A1-A107-4599-AAFB-78CACC901180}
		{55CB5331-DCB9-4DF1-BA89-E50292504095} = {55CB5331-DCB9-4DF1-BA89-E50292504095}
	EndProjectSection
EndProject
Project("{8BC9CEB8-8B4A-11D0-8D11-00A0C91BC942}") = "INSTALL", "INSTALL.vcxproj", "{D0DC0594-4C33-4F25-A361-350724941415}"
	ProjectSection(ProjectDependencies) = postProject
		{5325DB91-4642-4F7B-8D59-986108DCD4D7} = {5325DB91-4642-4F7B-8D59-986108DCD4D7}
	EndProjectSection
EndProject
Project("{8BC9CEB8-8B4A-11D0-8D11-00A0C91BC942}") = "ZERO_CHECK", "ZERO_CHECK.vcxproj", "{3ECDE0F0-3E3F-4BDA-9980-1B30EF6F521E}"
	ProjectSection(ProjectDependencies) = postProject
	EndProjectSection
EndProject
Project("{8BC9CEB8-8B4A-11D0-8D11-00A0C91BC942}") = "docs", "docs.vcxproj", "{9F6F7C6E-5D0D-4981-B520-92203E354C96}"
	ProjectSection(ProjectDependencies) = postProject
		{3ECDE0F0-3E3F-4BDA-9980-1B30EF6F521E} = {3ECDE0F0-3E3F-4BDA-9980-1B30EF6F521E}
	EndProjectSection
EndProject
Project("{8BC9CEB8-8B4A-11D0-8D11-00A0C91BC942}") = "tag", "taglib\tag.vcxproj", "{FCCD88A1-A107-4599-AAFB-78CACC901180}"
	ProjectSection(ProjectDependencies) = postProject
		{3ECDE0F0-3E3F-4BDA-9980-1B30EF6F521E} = {3ECDE0F0-3E3F-4BDA-9980-1B30EF6F521E}
	EndProjectSection
EndProject
Project("{8BC9CEB8-8B4A-11D0-8D11-00A0C91BC942}") = "tag_c", "bindings\c\tag_c.vcxproj", "{55CB5331-DCB9-4DF1-BA89-E50292504095}"
	ProjectSection(ProjectDependencies) = postProject
		{3ECDE0F0-3E3F-4BDA-9980-1B30EF6F521E} = {3ECDE0F0-3E3F-4BDA-9980-1B30EF6F521E}
		{FCCD88A1-A107-4599-AAFB-78CACC901180} = {FCCD88A1-A107-4599-AAFB-78CACC901180}
	EndProjectSection
EndProject
Global
	GlobalSection(SolutionConfigurationPlatforms) = preSolution
		Debug|Win32 = Debug|Win32
		Release|Win32 = Release|Win32
		MinSizeRel|Win32 = MinSizeRel|Win32
		RelWithDebInfo|Win32 = RelWithDebInfo|Win32
	EndGlobalSection
	GlobalSection(ProjectConfigurationPlatforms) = postSolution
		{5325DB91-4642-4F7B-8D59-986108DCD4D7}.Debug|Win32.ActiveCfg = Debug|Win32
		{5325DB91-4642-4F7B-8D59-986108DCD4D7}.Debug|Win32.Build.0 = Debug|Win32
		{5325DB91-4642-4F7B-8D59-986108DCD4D7}.Release|Win32.ActiveCfg = Release|Win32
		{5325DB91-4642-4F7B-8D59-986108DCD4D7}.Release|Win32.Build.0 = Release|Win32
		{5325DB91-4642-4F7B-8D59-986108DCD4D7}.MinSizeRel|Win32.ActiveCfg = MinSizeRel|Win32
		{5325DB91-4642-4F7B-8D59-986108DCD4D7}.MinSizeRel|Win32.Build.0 = MinSizeRel|Win32
		{5325DB91-4642-4F7B-8D59-986108DCD4D7}.RelWithDebInfo|Win32.ActiveCfg = RelWithDebInfo|Win32
		{5325DB91-4642-4F7B-8D59-986108DCD4D7}.RelWithDebInfo|Win32.Build.0 = RelWithDebInfo|Win32
		{D0DC0594-4C33-4F25-A361-350724941415}.Debug|Win32.ActiveCfg = Debug|Win32
		{D0DC0594-4C33-4F25-A361-350724941415}.Release|Win32.ActiveCfg = Release|Win32
		{D0DC0594-4C33-4F25-A361-350724941415}.MinSizeRel|Win32.ActiveCfg = MinSizeRel|Win32
		{D0DC0594-4C33-4F25-A361-350724941415}.RelWithDebInfo|Win32.ActiveCfg = RelWithDebInfo|Win32
		{3ECDE0F0-3E3F-4BDA-9980-1B30EF6F521E}.Debug|Win32.ActiveCfg = Debug|Win32
		{3ECDE0F0-3E3F-4BDA-9980-1B30EF6F521E}.Debug|Win32.Build.0 = Debug|Win32
		{3ECDE0F0-3E3F-4BDA-9980-1B30EF6F521E}.Release|Win32.ActiveCfg = Release|Win32
		{3ECDE0F0-3E3F-4BDA-9980-1B30EF6F521E}.Release|Win32.Build.0 = Release|Win32
		{3ECDE0F0-3E3F-4BDA-9980-1B30EF6F521E}.MinSizeRel|Win32.ActiveCfg = MinSizeRel|Win32
		{3ECDE0F0-3E3F-4BDA-9980-1B30EF6F521E}.MinSizeRel|Win32.Build.0 = MinSizeRel|Win32
		{3ECDE0F0-3E3F-4BDA-9980-1B30EF6F521E}.RelWithDebInfo|Win32.ActiveCfg = RelWithDebInfo|Win32
		{3ECDE0F0-3E3F-4BDA-9980-1B30EF6F521E}.RelWithDebInfo|Win32.Build.0 = RelWithDebInfo|Win32
		{9F6F7C6E-5D0D-4981-B520-92203E354C96}.Debug|Win32.ActiveCfg = Debug|Win32
		{9F6F7C6E-5D0D-4981-B520-92203E354C96}.Release|Win32.ActiveCfg = Release|Win32
		{9F6F7C6E-5D0D-4981-B520-92203E354C96}.MinSizeRel|Win32.ActiveCfg = MinSizeRel|Win32
		{9F6F7C6E-5D0D-4981-B520-92203E354C96}.RelWithDebInfo|Win32.ActiveCfg = RelWithDebInfo|Win32
		{FCCD88A1-A107-4599-AAFB-78CACC901180}.Debug|Win32.ActiveCfg = Debug|Win32
		{FCCD88A1-A107-4599-AAFB-78CACC901180}.Debug|Win32.Build.0 = Debug|Win32
		{FCCD88A1-A107-4599-AAFB-78CACC901180}.Release|Win32.ActiveCfg = Release|Win32
		{FCCD88A1-A107-4599-AAFB-78CACC901180}.Release|Win32.Build.0 = Release|Win32
		{FCCD88A1-A107-4599-AAFB-78CACC901180}.MinSizeRel|Win32.ActiveCfg = MinSizeRel|Win32
		{FCCD88A1-A107-4599-AAFB-78CACC901180}.MinSizeRel|Win32.Build.0 = MinSizeRel|Win32
		{FCCD88A1-A107-4599-AAFB-78CACC901180}.RelWithDebInfo|Win32.ActiveCfg = RelWithDebInfo|Win32
		{FCCD88A1-A107-4599-AAFB-78CACC901180}.RelWithDebInfo|Win32.Build.0 = RelWithDebInfo|Win32
		{55CB5331-DCB9-4DF1-BA89-E50292504095}.Debug|Win32.ActiveCfg = Debug|Win32
		{55CB5331-DCB9-4DF1-BA89-E50292504095}.Debug|Win32.Build.0 = Debug|Win32
		{55CB5331-DCB9-4DF1-BA89-E50292504095}.Release|Win32.ActiveCfg = Release|Win32
		{55CB5331-DCB9-4DF1-BA89-E50292504095}.Release|Win32.Build.0 = Release|Win32
		{55CB5331-DCB9-4DF1-BA89-E50292504095}.MinSizeRel|Win32.ActiveCfg = MinSizeRel|Win32
		{55CB5331-DCB9-4DF1-BA89-E50292504095}.MinSizeRel|Win32.Build.0 = MinSizeRel|Win32
		{55CB5331-DCB9-4DF1-BA89-E50292504095}.RelWithDebInfo|Win32.ActiveCfg = RelWithDebInfo|Win32
		{55CB5331-DCB9-4DF1-BA89-E50292504095}.RelWithDebInfo|Win32.Build.0 = RelWithDebInfo|Win32
	EndGlobalSection
	GlobalSection(ExtensibilityGlobals) = postSolution
	EndGlobalSection
	GlobalSection(ExtensibilityAddIns) = postSolution
	EndGlobalSection
EndGlobal
